
Microsoft Visual Studio Solution File, Format Version 12.00
# Visual Studio 15
VisualStudioVersion = 15.0.27130.2036
MinimumVisualStudioVersion = 10.0.40219.1
Project("{9A19103F-16F7-4668-BE54-9A1E7A4F7556}") = "Forum.App", "Forum.App\Forum.App.csproj", "{706861DE-ACE1-458B-BB1D-3CDAF6F94AC8}"
EndProject
Project("{FAE04EC0-301F-11D3-BF4B-00C04F79EFBC}") = "Forum.Models", "Forum.Models\Forum.Models.csproj", "{40CB4ECF-790C-4387-B256-A206EA1274C0}"
EndProject
Project("{FAE04EC0-301F-11D3-BF4B-00C04F79EFBC}") = "Forum.Data", "Forum.Data\Forum.Data.csproj", "{65778D3E-7F46-4BBC-B639-A006ECA4C1F1}"
EndProject
Global
	GlobalSection(SolutionConfigurationPlatforms) = preSolution
		Debug|Any CPU = Debug|Any CPU
		Release|Any CPU = Release|Any CPU
	EndGlobalSection
	GlobalSection(ProjectConfigurationPlatforms) = postSolution
		{706861DE-ACE1-458B-BB1D-3CDAF6F94AC8}.Debug|Any CPU.ActiveCfg = Debug|Any CPU
		{706861DE-ACE1-458B-BB1D-3CDAF6F94AC8}.Debug|Any CPU.Build.0 = Debug|Any CPU
		{706861DE-ACE1-458B-BB1D-3CDAF6F94AC8}.Release|Any CPU.ActiveCfg = Release|Any CPU
		{706861DE-ACE1-458B-BB1D-3CDAF6F94AC8}.Release|Any CPU.Build.0 = Release|Any CPU
		{40CB4ECF-790C-4387-B256-A206EA1274C0}.Debug|Any CPU.ActiveCfg = Debug|Any CPU
		{40CB4ECF-790C-4387-B256-A206EA1274C0}.Debug|Any CPU.Build.0 = Debug|Any CPU
		{40CB4ECF-790C-4387-B256-A206EA1274C0}.Release|Any CPU.ActiveCfg = Release|Any CPU
		{40CB4ECF-790C-4387-B256-A206EA1274C0}.Release|Any CPU.Build.0 = Release|Any CPU
		{65778D3E-7F46-4BBC-B639-A006ECA4C1F1}.Debug|Any CPU.ActiveCfg = Debug|Any CPU
		{65778D3E-7F46-4BBC-B639-A006ECA4C1F1}.Debug|Any CPU.Build.0 = Debug|Any CPU
		{65778D3E-7F46-4BBC-B639-A006ECA4C1F1}.Release|Any CPU.ActiveCfg = Release|Any CPU
		{65778D3E-7F46-4BBC-B639-A006ECA4C1F1}.Release|Any CPU.Build.0 = Release|Any CPU
	EndGlobalSection
	GlobalSection(SolutionProperties) = preSolution
		HideSolutionNode = FALSE
	EndGlobalSection
	GlobalSection(ExtensibilityGlobals) = postSolution
		SolutionGuid = {AC1308E2-04CF-4EB4-A9EB-1DBCB343D932}
	EndGlobalSection
EndGlobal
